{
  "requires": true,
  "lockfileVersion": 1,
  "dependencies": {
    "alert": {
      "version": "1.0.0",
      "resolved": "https://registry.npmjs.org/alert/-/alert-1.0.0.tgz",
      "integrity": "sha1-DVifwXtOYBT1GeczEfVBTIc47mo="
    },
    "fopen": {
      "version": "1.0.0",
      "resolved": "https://registry.npmjs.org/fopen/-/fopen-1.0.0.tgz",
      "integrity": "sha512-Q9R2WXqJsz3X93N2O39k1r4tc1KQipQ694IPZe8WJfkPcEI1bmJShpZZw1daF8ZKR6rtdL2L8+AXgcZTa3NqMA=="
    },
    "fs": {
      "version": "0.0.1-security",
      "resolved": "https://registry.npmjs.org/fs/-/fs-0.0.1-security.tgz",
      "integrity": "sha1-invTcYa23d84E/I4WLV+yq9eQdQ="
    },
    "xmlhttprequest": {
      "version": "1.8.0",
      "resolved": "https://registry.npmjs.org/xmlhttprequest/-/xmlhttprequest-1.8.0.tgz",
      "integrity": "sha1-Z/4HXFwk/vOfnWX197f+dRcZaPw="
    }
  }
}
